// !$*UTF8*$!
{
	archiveVersion = 1;
	classes = {
	};
	objectVersion = 55;
	objects = {

/* Begin PBXBuildFile section */
		CA7E160B2973DA7B00310924 /* hikeData.json in Resources */ = {isa = PBXBuildFile; fileRef = CA7E160A2973DA7B00310924 /* hikeData.json */; };
		CA7E160C2973DA7B00310924 /* hikeData.json in Resources */ = {isa = PBXBuildFile; fileRef = CA7E160A2973DA7B00310924 /* hikeData.json */; };
		CA7E160E2973DAB200310924 /* Hike.swift in Sources */ = {isa = PBXBuildFile; fileRef = CA7E160D2973DAB200310924 /* Hike.swift */; };
		CA7E160F2973DAB200310924 /* Hike.swift in Sources */ = {isa = PBXBuildFile; fileRef = CA7E160D2973DAB200310924 /* Hike.swift */; };
		CA7E16152973DF3C00310924 /* GraphCapsule.swift in Sources */ = {isa = PBXBuildFile; fileRef = CA7E16112973DF3C00310924 /* GraphCapsule.swift */; };
		CA7E16162973DF3C00310924 /* GraphCapsule.swift in Sources */ = {isa = PBXBuildFile; fileRef = CA7E16112973DF3C00310924 /* GraphCapsule.swift */; };
		CA7E16172973DF3C00310924 /* HikeGraph.swift in Sources */ = {isa = PBXBuildFile; fileRef = CA7E16122973DF3C00310924 /* HikeGraph.swift */; };
		CA7E16182973DF3C00310924 /* HikeGraph.swift in Sources */ = {isa = PBXBuildFile; fileRef = CA7E16122973DF3C00310924 /* HikeGraph.swift */; };
		CA7E16192973DF3C00310924 /* HikeDetail.swift in Sources */ = {isa = PBXBuildFile; fileRef = CA7E16132973DF3C00310924 /* HikeDetail.swift */; };
		CA7E161A2973DF3C00310924 /* HikeDetail.swift in Sources */ = {isa = PBXBuildFile; fileRef = CA7E16132973DF3C00310924 /* HikeDetail.swift */; };
		CA7E161B2973DF3C00310924 /* HikeView.swift in Sources */ = {isa = PBXBuildFile; fileRef = CA7E16142973DF3C00310924 /* HikeView.swift */; };
		CA7E161C2973DF3C00310924 /* HikeView.swift in Sources */ = {isa = PBXBuildFile; fileRef = CA7E16142973DF3C00310924 /* HikeView.swift */; };
		CAA8C0362972A9C300614E68 /* RotatedBadgeSymbol.swift in Sources */ = {isa = PBXBuildFile; fileRef = CAA8C0352972A9C300614E68 /* RotatedBadgeSymbol.swift */; };
		CAA8C0372972A9C300614E68 /* RotatedBadgeSymbol.swift in Sources */ = {isa = PBXBuildFile; fileRef = CAA8C0352972A9C300614E68 /* RotatedBadgeSymbol.swift */; };
		CAA8C0392972AA7F00614E68 /* Badge.swift in Sources */ = {isa = PBXBuildFile; fileRef = CAA8C0382972AA7E00614E68 /* Badge.swift */; };
		CAA8C03A2972AA7F00614E68 /* Badge.swift in Sources */ = {isa = PBXBuildFile; fileRef = CAA8C0382972AA7E00614E68 /* Badge.swift */; };
		CADA3C4229700DC20028A786 /* landmarkData.json in Resources */ = {isa = PBXBuildFile; fileRef = CA825EAD2970071900CC11B9 /* landmarkData.json */; };
		CADA3C4329700DC30028A786 /* landmarkData.json in Resources */ = {isa = PBXBuildFile; fileRef = CA825EAD2970071900CC11B9 /* landmarkData.json */; };
		CADA3C4429700DD40028A786 /* Landmark.swift in Sources */ = {isa = PBXBuildFile; fileRef = CAEF22D7296FF5D100BEDCAB /* Landmark.swift */; };
		CADA3C4529700DD70028A786 /* ModelData.swift in Sources */ = {isa = PBXBuildFile; fileRef = CAEF22D9296FFACE00BEDCAB /* ModelData.swift */; };
		CADA3C47297012FA0028A786 /* LandmarkList.swift in Sources */ = {isa = PBXBuildFile; fileRef = CADA3C46297012FA0028A786 /* LandmarkList.swift */; };
		CADA3C48297012FA0028A786 /* LandmarkList.swift in Sources */ = {isa = PBXBuildFile; fileRef = CADA3C46297012FA0028A786 /* LandmarkList.swift */; };
		CADA3C4A297016E30028A786 /* LandmarkDetail.swift in Sources */ = {isa = PBXBuildFile; fileRef = CADA3C49297016E30028A786 /* LandmarkDetail.swift */; };
		CADA3C4B297016E30028A786 /* LandmarkDetail.swift in Sources */ = {isa = PBXBuildFile; fileRef = CADA3C49297016E30028A786 /* LandmarkDetail.swift */; };
		CAE1DC142971381900BB55AC /* FavoriteButton.swift in Sources */ = {isa = PBXBuildFile; fileRef = CAE1DC132971381900BB55AC /* FavoriteButton.swift */; };
		CAE1DC152971381900BB55AC /* FavoriteButton.swift in Sources */ = {isa = PBXBuildFile; fileRef = CAE1DC132971381900BB55AC /* FavoriteButton.swift */; };
		CAE1DC192971404F00BB55AC /* HexagonParameters.swift in Sources */ = {isa = PBXBuildFile; fileRef = CAE1DC182971404F00BB55AC /* HexagonParameters.swift */; };
		CAE1DC1A2971404F00BB55AC /* HexagonParameters.swift in Sources */ = {isa = PBXBuildFile; fileRef = CAE1DC182971404F00BB55AC /* HexagonParameters.swift */; };
		CAE1DC1C297171AE00BB55AC /* BadgeBackground.swift in Sources */ = {isa = PBXBuildFile; fileRef = CAE1DC1B297171AE00BB55AC /* BadgeBackground.swift */; };
		CAE1DC1D297171AE00BB55AC /* BadgeBackground.swift in Sources */ = {isa = PBXBuildFile; fileRef = CAE1DC1B297171AE00BB55AC /* BadgeBackground.swift */; };
		CAE1DC1F2971888D00BB55AC /* BadgeSymbol.swift in Sources */ = {isa = PBXBuildFile; fileRef = CAE1DC1E2971888D00BB55AC /* BadgeSymbol.swift */; };
		CAE1DC202971888D00BB55AC /* BadgeSymbol.swift in Sources */ = {isa = PBXBuildFile; fileRef = CAE1DC1E2971888D00BB55AC /* BadgeSymbol.swift */; };
		CAEF22AC296FCE3C00BEDCAB /* Tests_iOS.swift in Sources */ = {isa = PBXBuildFile; fileRef = CAEF22AB296FCE3C00BEDCAB /* Tests_iOS.swift */; };
		CAEF22AE296FCE3C00BEDCAB /* Tests_iOSLaunchTests.swift in Sources */ = {isa = PBXBuildFile; fileRef = CAEF22AD296FCE3C00BEDCAB /* Tests_iOSLaunchTests.swift */; };
		CAEF22B8296FCE3D00BEDCAB /* Tests_macOS.swift in Sources */ = {isa = PBXBuildFile; fileRef = CAEF22B7296FCE3D00BEDCAB /* Tests_macOS.swift */; };
		CAEF22BA296FCE3D00BEDCAB /* Tests_macOSLaunchTests.swift in Sources */ = {isa = PBXBuildFile; fileRef = CAEF22B9296FCE3D00BEDCAB /* Tests_macOSLaunchTests.swift */; };
		CAEF22BB296FCE3D00BEDCAB /* LandmarksApp.swift in Sources */ = {isa = PBXBuildFile; fileRef = CAEF2293296FCE3B00BEDCAB /* LandmarksApp.swift */; };
		CAEF22BC296FCE3D00BEDCAB /* LandmarksApp.swift in Sources */ = {isa = PBXBuildFile; fileRef = CAEF2293296FCE3B00BEDCAB /* LandmarksApp.swift */; };
		CAEF22BD296FCE3D00BEDCAB /* ContentView.swift in Sources */ = {isa = PBXBuildFile; fileRef = CAEF2294296FCE3B00BEDCAB /* ContentView.swift */; };
		CAEF22BE296FCE3D00BEDCAB /* ContentView.swift in Sources */ = {isa = PBXBuildFile; fileRef = CAEF2294296FCE3B00BEDCAB /* ContentView.swift */; };
		CAEF22BF296FCE3D00BEDCAB /* Assets.xcassets in Resources */ = {isa = PBXBuildFile; fileRef = CAEF2295296FCE3C00BEDCAB /* Assets.xcassets */; };
		CAEF22C0296FCE3D00BEDCAB /* Assets.xcassets in Resources */ = {isa = PBXBuildFile; fileRef = CAEF2295296FCE3C00BEDCAB /* Assets.xcassets */; };
		CAEF22D0296FDA2900BEDCAB /* CircleImage.swift in Sources */ = {isa = PBXBuildFile; fileRef = CAEF22CF296FDA2900BEDCAB /* CircleImage.swift */; };
		CAEF22D1296FDA2900BEDCAB /* CircleImage.swift in Sources */ = {isa = PBXBuildFile; fileRef = CAEF22CF296FDA2900BEDCAB /* CircleImage.swift */; };
		CAEF22D3296FDB9700BEDCAB /* MapView.swift in Sources */ = {isa = PBXBuildFile; fileRef = CAEF22D2296FDB9700BEDCAB /* MapView.swift */; };
		CAEF22D4296FDB9700BEDCAB /* MapView.swift in Sources */ = {isa = PBXBuildFile; fileRef = CAEF22D2296FDB9700BEDCAB /* MapView.swift */; };
		CAEF22D8296FF5D100BEDCAB /* Landmark.swift in Sources */ = {isa = PBXBuildFile; fileRef = CAEF22D7296FF5D100BEDCAB /* Landmark.swift */; };
		CAEF22DA296FFACE00BEDCAB /* ModelData.swift in Sources */ = {isa = PBXBuildFile; fileRef = CAEF22D9296FFACE00BEDCAB /* ModelData.swift */; };
		CAEF22DE2970042B00BEDCAB /* LandmarkRow.swift in Sources */ = {isa = PBXBuildFile; fileRef = CAEF22DD2970042B00BEDCAB /* LandmarkRow.swift */; };
		CAEF22DF2970042B00BEDCAB /* LandmarkRow.swift in Sources */ = {isa = PBXBuildFile; fileRef = CAEF22DD2970042B00BEDCAB /* LandmarkRow.swift */; };
/* End PBXBuildFile section */

/* Begin PBXContainerItemProxy section */
		CAEF22A8296FCE3C00BEDCAB /* PBXContainerItemProxy */ = {
			isa = PBXContainerItemProxy;
			containerPortal = CAEF228E296FCE3B00BEDCAB /* Project object */;
			proxyType = 1;
			remoteGlobalIDString = CAEF2299296FCE3C00BEDCAB;
			remoteInfo = "Landmarks (iOS)";
		};
		CAEF22B4296FCE3D00BEDCAB /* PBXContainerItemProxy */ = {
			isa = PBXContainerItemProxy;
			containerPortal = CAEF228E296FCE3B00BEDCAB /* Project object */;
			proxyType = 1;
			remoteGlobalIDString = CAEF229F296FCE3C00BEDCAB;
			remoteInfo = "Landmarks (macOS)";
		};
/* End PBXContainerItemProxy section */

/* Begin PBXFileReference section */
		CA7E160A2973DA7B00310924 /* hikeData.json */ = {isa = PBXFileReference; fileEncoding = 4; lastKnownFileType = text.json; path = hikeData.json; sourceTree = "<group>"; };
		CA7E160D2973DAB200310924 /* Hike.swift */ = {isa = PBXFileReference; lastKnownFileType = sourcecode.swift; path = Hike.swift; sourceTree = "<group>"; };
		CA7E16112973DF3C00310924 /* GraphCapsule.swift */ = {isa = PBXFileReference; fileEncoding = 4; lastKnownFileType = sourcecode.swift; path = GraphCapsule.swift; sourceTree = "<group>"; };
		CA7E16122973DF3C00310924 /* HikeGraph.swift */ = {isa = PBXFileReference; fileEncoding = 4; lastKnownFileType = sourcecode.swift; path = HikeGraph.swift; sourceTree = "<group>"; };
		CA7E16132973DF3C00310924 /* HikeDetail.swift */ = {isa = PBXFileReference; fileEncoding = 4; lastKnownFileType = sourcecode.swift; path = HikeDetail.swift; sourceTree = "<group>"; };
		CA7E16142973DF3C00310924 /* HikeView.swift */ = {isa = PBXFileReference; fileEncoding = 4; lastKnownFileType = sourcecode.swift; path = HikeView.swift; sourceTree = "<group>"; };
		CA825EAD2970071900CC11B9 /* landmarkData.json */ = {isa = PBXFileReference; lastKnownFileType = text.json; path = landmarkData.json; sourceTree = "<group>"; };
		CAA8C0352972A9C300614E68 /* RotatedBadgeSymbol.swift */ = {isa = PBXFileReference; lastKnownFileType = sourcecode.swift; path = RotatedBadgeSymbol.swift; sourceTree = "<group>"; };
		CAA8C0382972AA7E00614E68 /* Badge.swift */ = {isa = PBXFileReference; lastKnownFileType = sourcecode.swift; path = Badge.swift; sourceTree = "<group>"; };
		CADA3C46297012FA0028A786 /* LandmarkList.swift */ = {isa = PBXFileReference; lastKnownFileType = sourcecode.swift; path = LandmarkList.swift; sourceTree = "<group>"; };
		CADA3C49297016E30028A786 /* LandmarkDetail.swift */ = {isa = PBXFileReference; lastKnownFileType = sourcecode.swift; path = LandmarkDetail.swift; sourceTree = "<group>"; };
		CAE1DC132971381900BB55AC /* FavoriteButton.swift */ = {isa = PBXFileReference; lastKnownFileType = sourcecode.swift; path = FavoriteButton.swift; sourceTree = "<group>"; };
		CAE1DC182971404F00BB55AC /* HexagonParameters.swift */ = {isa = PBXFileReference; lastKnownFileType = sourcecode.swift; path = HexagonParameters.swift; sourceTree = "<group>"; };
		CAE1DC1B297171AE00BB55AC /* BadgeBackground.swift */ = {isa = PBXFileReference; lastKnownFileType = sourcecode.swift; path = BadgeBackground.swift; sourceTree = "<group>"; };
		CAE1DC1E2971888D00BB55AC /* BadgeSymbol.swift */ = {isa = PBXFileReference; lastKnownFileType = sourcecode.swift; path = BadgeSymbol.swift; sourceTree = "<group>"; };
		CAEF2293296FCE3B00BEDCAB /* LandmarksApp.swift */ = {isa = PBXFileReference; lastKnownFileType = sourcecode.swift; path = LandmarksApp.swift; sourceTree = "<group>"; };
		CAEF2294296FCE3B00BEDCAB /* ContentView.swift */ = {isa = PBXFileReference; lastKnownFileType = sourcecode.swift; path = ContentView.swift; sourceTree = "<group>"; };
		CAEF2295296FCE3C00BEDCAB /* Assets.xcassets */ = {isa = PBXFileReference; lastKnownFileType = folder.assetcatalog; path = Assets.xcassets; sourceTree = "<group>"; };
		CAEF229A296FCE3C00BEDCAB /* Landmarks.app */ = {isa = PBXFileReference; explicitFileType = wrapper.application; includeInIndex = 0; path = Landmarks.app; sourceTree = BUILT_PRODUCTS_DIR; };
		CAEF22A0296FCE3C00BEDCAB /* Landmarks.app */ = {isa = PBXFileReference; explicitFileType = wrapper.application; includeInIndex = 0; path = Landmarks.app; sourceTree = BUILT_PRODUCTS_DIR; };
		CAEF22A2296FCE3C00BEDCAB /* macOS.entitlements */ = {isa = PBXFileReference; lastKnownFileType = text.plist.entitlements; path = macOS.entitlements; sourceTree = "<group>"; };
		CAEF22A7296FCE3C00BEDCAB /* Tests iOS.xctest */ = {isa = PBXFileReference; explicitFileType = wrapper.cfbundle; includeInIndex = 0; path = "Tests iOS.xctest"; sourceTree = BUILT_PRODUCTS_DIR; };
		CAEF22AB296FCE3C00BEDCAB /* Tests_iOS.swift */ = {isa = PBXFileReference; lastKnownFileType = sourcecode.swift; path = Tests_iOS.swift; sourceTree = "<group>"; };
		CAEF22AD296FCE3C00BEDCAB /* Tests_iOSLaunchTests.swift */ = {isa = PBXFileReference; lastKnownFileType = sourcecode.swift; path = Tests_iOSLaunchTests.swift; sourceTree = "<group>"; };
		CAEF22B3296FCE3D00BEDCAB /* Tests macOS.xctest */ = {isa = PBXFileReference; explicitFileType = wrapper.cfbundle; includeInIndex = 0; path = "Tests macOS.xctest"; sourceTree = BUILT_PRODUCTS_DIR; };
		CAEF22B7296FCE3D00BEDCAB /* Tests_macOS.swift */ = {isa = PBXFileReference; lastKnownFileType = sourcecode.swift; path = Tests_macOS.swift; sourceTree = "<group>"; };
		CAEF22B9296FCE3D00BEDCAB /* Tests_macOSLaunchTests.swift */ = {isa = PBXFileReference; lastKnownFileType = sourcecode.swift; path = Tests_macOSLaunchTests.swift; sourceTree = "<group>"; };
		CAEF22CF296FDA2900BEDCAB /* CircleImage.swift */ = {isa = PBXFileReference; lastKnownFileType = sourcecode.swift; path = CircleImage.swift; sourceTree = "<group>"; };
		CAEF22D2296FDB9700BEDCAB /* MapView.swift */ = {isa = PBXFileReference; lastKnownFileType = sourcecode.swift; path = MapView.swift; sourceTree = "<group>"; };
		CAEF22D7296FF5D100BEDCAB /* Landmark.swift */ = {isa = PBXFileReference; lastKnownFileType = sourcecode.swift; path = Landmark.swift; sourceTree = "<group>"; };
		CAEF22D9296FFACE00BEDCAB /* ModelData.swift */ = {isa = PBXFileReference; lastKnownFileType = sourcecode.swift; path = ModelData.swift; sourceTree = "<group>"; };
		CAEF22DD2970042B00BEDCAB /* LandmarkRow.swift */ = {isa = PBXFileReference; lastKnownFileType = sourcecode.swift; path = LandmarkRow.swift; sourceTree = "<group>"; };
/* End PBXFileReference section */

/* Begin PBXFrameworksBuildPhase section */
		CAEF2297296FCE3C00BEDCAB /* Frameworks */ = {
			isa = PBXFrameworksBuildPhase;
			buildActionMask = 2147483647;
			files = (
			);
			runOnlyForDeploymentPostprocessing = 0;
		};
		CAEF229D296FCE3C00BEDCAB /* Frameworks */ = {
			isa = PBXFrameworksBuildPhase;
			buildActionMask = 2147483647;
			files = (
			);
			runOnlyForDeploymentPostprocessing = 0;
		};
		CAEF22A4296FCE3C00BEDCAB /* Frameworks */ = {
			isa = PBXFrameworksBuildPhase;
			buildActionMask = 2147483647;
			files = (
			);
			runOnlyForDeploymentPostprocessing = 0;
		};
		CAEF22B0296FCE3D00BEDCAB /* Frameworks */ = {
			isa = PBXFrameworksBuildPhase;
			buildActionMask = 2147483647;
			files = (
			);
			runOnlyForDeploymentPostprocessing = 0;
		};
/* End PBXFrameworksBuildPhase section */

/* Begin PBXGroup section */
		CA7E16102973DF3C00310924 /* Hikes */ = {
			isa = PBXGroup;
			children = (
				CA7E16112973DF3C00310924 /* GraphCapsule.swift */,
				CA7E16122973DF3C00310924 /* HikeGraph.swift */,
				CA7E16132973DF3C00310924 /* HikeDetail.swift */,
				CA7E16142973DF3C00310924 /* HikeView.swift */,
			);
			path = Hikes;
			sourceTree = "<group>";
		};
		CA825EAE297008B700CC11B9 /* Landmarks */ = {
			isa = PBXGroup;
			children = (
				CA7E16102973DF3C00310924 /* Hikes */,
				CAA8C03B2972ACA400614E68 /* Badges */,
				CAEF2293296FCE3B00BEDCAB /* LandmarksApp.swift */,
				CAEF22DB296FFF9C00BEDCAB /* Views */,
				CAE1DC172971395C00BB55AC /* Helpers */,
				CAE1DC162971392F00BB55AC /* Landmarks */,
				CAEF22DC296FFFD900BEDCAB /* Model */,
				CA825EAF297009C700CC11B9 /* Resources */,
			);
			path = Landmarks;
			sourceTree = "<group>";
		};
		CA825EAF297009C700CC11B9 /* Resources */ = {
			isa = PBXGroup;
			children = (
				CA7E160A2973DA7B00310924 /* hikeData.json */,
				CA825EAD2970071900CC11B9 /* landmarkData.json */,
			);
			path = Resources;
			sourceTree = "<group>";
		};
		CAA8C03B2972ACA400614E68 /* Badges */ = {
			isa = PBXGroup;
			children = (
				CAA8C0382972AA7E00614E68 /* Badge.swift */,
				CAE1DC1E2971888D00BB55AC /* BadgeSymbol.swift */,
				CAE1DC182971404F00BB55AC /* HexagonParameters.swift */,
				CAA8C0352972A9C300614E68 /* RotatedBadgeSymbol.swift */,
				CAE1DC1B297171AE00BB55AC /* BadgeBackground.swift */,
			);
			path = Badges;
			sourceTree = "<group>";
		};
		CAE1DC162971392F00BB55AC /* Landmarks */ = {
			isa = PBXGroup;
			children = (
				CAEF22DD2970042B00BEDCAB /* LandmarkRow.swift */,
				CADA3C46297012FA0028A786 /* LandmarkList.swift */,
				CADA3C49297016E30028A786 /* LandmarkDetail.swift */,
			);
			path = Landmarks;
			sourceTree = "<group>";
		};
		CAE1DC172971395C00BB55AC /* Helpers */ = {
			isa = PBXGroup;
			children = (
				CAEF22CF296FDA2900BEDCAB /* CircleImage.swift */,
				CAEF22D2296FDB9700BEDCAB /* MapView.swift */,
				CAE1DC132971381900BB55AC /* FavoriteButton.swift */,
			);
			path = Helpers;
			sourceTree = "<group>";
		};
		CAEF228D296FCE3B00BEDCAB = {
			isa = PBXGroup;
			children = (
				CA825EAE297008B700CC11B9 /* Landmarks */,
				CAEF2295296FCE3C00BEDCAB /* Assets.xcassets */,
				CAEF22A1296FCE3C00BEDCAB /* macOS */,
				CAEF22AA296FCE3C00BEDCAB /* Tests iOS */,
				CAEF22B6296FCE3D00BEDCAB /* Tests macOS */,
				CAEF229B296FCE3C00BEDCAB /* Products */,
			);
			sourceTree = "<group>";
		};
		CAEF229B296FCE3C00BEDCAB /* Products */ = {
			isa = PBXGroup;
			children = (
				CAEF229A296FCE3C00BEDCAB /* Landmarks.app */,
				CAEF22A0296FCE3C00BEDCAB /* Landmarks.app */,
				CAEF22A7296FCE3C00BEDCAB /* Tests iOS.xctest */,
				CAEF22B3296FCE3D00BEDCAB /* Tests macOS.xctest */,
			);
			name = Products;
			sourceTree = "<group>";
		};
		CAEF22A1296FCE3C00BEDCAB /* macOS */ = {
			isa = PBXGroup;
			children = (
				CAEF22A2296FCE3C00BEDCAB /* macOS.entitlements */,
			);
			path = macOS;
			sourceTree = "<group>";
		};
		CAEF22AA296FCE3C00BEDCAB /* Tests iOS */ = {
			isa = PBXGroup;
			children = (
				CAEF22AB296FCE3C00BEDCAB /* Tests_iOS.swift */,
				CAEF22AD296FCE3C00BEDCAB /* Tests_iOSLaunchTests.swift */,
			);
			path = "Tests iOS";
			sourceTree = "<group>";
		};
		CAEF22B6296FCE3D00BEDCAB /* Tests macOS */ = {
			isa = PBXGroup;
			children = (
				CAEF22B7296FCE3D00BEDCAB /* Tests_macOS.swift */,
				CAEF22B9296FCE3D00BEDCAB /* Tests_macOSLaunchTests.swift */,
			);
			path = "Tests macOS";
			sourceTree = "<group>";
		};
		CAEF22DB296FFF9C00BEDCAB /* Views */ = {
			isa = PBXGroup;
			children = (
				CAEF2294296FCE3B00BEDCAB /* ContentView.swift */,
			);
			path = Views;
			sourceTree = "<group>";
		};
		CAEF22DC296FFFD900BEDCAB /* Model */ = {
			isa = PBXGroup;
			children = (
				CAEF22D7296FF5D100BEDCAB /* Landmark.swift */,
				CAEF22D9296FFACE00BEDCAB /* ModelData.swift */,
				CA7E160D2973DAB200310924 /* Hike.swift */,
			);
			path = Model;
			sourceTree = "<group>";
		};
/* End PBXGroup section */

/* Begin PBXNativeTarget section */
		CAEF2299296FCE3C00BEDCAB /* Landmarks (iOS) */ = {
			isa = PBXNativeTarget;
			buildConfigurationList = CAEF22C3296FCE3D00BEDCAB /* Build configuration list for PBXNativeTarget "Landmarks (iOS)" */;
			buildPhases = (
				CAEF2296296FCE3C00BEDCAB /* Sources */,
				CAEF2297296FCE3C00BEDCAB /* Frameworks */,
				CAEF2298296FCE3C00BEDCAB /* Resources */,
			);
			buildRules = (
			);
			dependencies = (
			);
			name = "Landmarks (iOS)";
			productName = "Landmarks (iOS)";
			productReference = CAEF229A296FCE3C00BEDCAB /* Landmarks.app */;
			productType = "com.apple.product-type.application";
		};
		CAEF229F296FCE3C00BEDCAB /* Landmarks (macOS) */ = {
			isa = PBXNativeTarget;
			buildConfigurationList = CAEF22C6296FCE3D00BEDCAB /* Build configuration list for PBXNativeTarget "Landmarks (macOS)" */;
			buildPhases = (
				CAEF229C296FCE3C00BEDCAB /* Sources */,
				CAEF229D296FCE3C00BEDCAB /* Frameworks */,
				CAEF229E296FCE3C00BEDCAB /* Resources */,
			);
			buildRules = (
			);
			dependencies = (
			);
			name = "Landmarks (macOS)";
			productName = "Landmarks (macOS)";
			productReference = CAEF22A0296FCE3C00BEDCAB /* Landmarks.app */;
			productType = "com.apple.product-type.application";
		};
		CAEF22A6296FCE3C00BEDCAB /* Tests iOS */ = {
			isa = PBXNativeTarget;
			buildConfigurationList = CAEF22C9296FCE3D00BEDCAB /* Build configuration list for PBXNativeTarget "Tests iOS" */;
			buildPhases = (
				CAEF22A3296FCE3C00BEDCAB /* Sources */,
				CAEF22A4296FCE3C00BEDCAB /* Frameworks */,
				CAEF22A5296FCE3C00BEDCAB /* Resources */,
			);
			buildRules = (
			);
			dependencies = (
				CAEF22A9296FCE3C00BEDCAB /* PBXTargetDependency */,
			);
			name = "Tests iOS";
			productName = "Tests iOS";
			productReference = CAEF22A7296FCE3C00BEDCAB /* Tests iOS.xctest */;
			productType = "com.apple.product-type.bundle.ui-testing";
		};
		CAEF22B2296FCE3D00BEDCAB /* Tests macOS */ = {
			isa = PBXNativeTarget;
			buildConfigurationList = CAEF22CC296FCE3D00BEDCAB /* Build configuration list for PBXNativeTarget "Tests macOS" */;
			buildPhases = (
				CAEF22AF296FCE3D00BEDCAB /* Sources */,
				CAEF22B0296FCE3D00BEDCAB /* Frameworks */,
				CAEF22B1296FCE3D00BEDCAB /* Resources */,
			);
			buildRules = (
			);
			dependencies = (
				CAEF22B5296FCE3D00BEDCAB /* PBXTargetDependency */,
			);
			name = "Tests macOS";
			productName = "Tests macOS";
			productReference = CAEF22B3296FCE3D00BEDCAB /* Tests macOS.xctest */;
			productType = "com.apple.product-type.bundle.ui-testing";
		};
/* End PBXNativeTarget section */

/* Begin PBXProject section */
		CAEF228E296FCE3B00BEDCAB /* Project object */ = {
			isa = PBXProject;
			attributes = {
				BuildIndependentTargetsInParallel = 1;
				LastSwiftUpdateCheck = 1340;
				LastUpgradeCheck = 1340;
				TargetAttributes = {
					CAEF2299296FCE3C00BEDCAB = {
						CreatedOnToolsVersion = 13.4.1;
					};
					CAEF229F296FCE3C00BEDCAB = {
						CreatedOnToolsVersion = 13.4.1;
					};
					CAEF22A6296FCE3C00BEDCAB = {
						CreatedOnToolsVersion = 13.4.1;
						TestTargetID = CAEF2299296FCE3C00BEDCAB;
					};
					CAEF22B2296FCE3D00BEDCAB = {
						CreatedOnToolsVersion = 13.4.1;
						TestTargetID = CAEF229F296FCE3C00BEDCAB;
					};
				};
			};
			buildConfigurationList = CAEF2291296FCE3B00BEDCAB /* Build configuration list for PBXProject "Landmarks" */;
			compatibilityVersion = "Xcode 13.0";
			developmentRegion = en;
			hasScannedForEncodings = 0;
			knownRegions = (
				en,
				Base,
			);
			mainGroup = CAEF228D296FCE3B00BEDCAB;
			productRefGroup = CAEF229B296FCE3C00BEDCAB /* Products */;
			projectDirPath = "";
			projectRoot = "";
			targets = (
				CAEF2299296FCE3C00BEDCAB /* Landmarks (iOS) */,
				CAEF229F296FCE3C00BEDCAB /* Landmarks (macOS) */,
				CAEF22A6296FCE3C00BEDCAB /* Tests iOS */,
				CAEF22B2296FCE3D00BEDCAB /* Tests macOS */,
			);
		};
/* End PBXProject section */

/* Begin PBXResourcesBuildPhase section */
		CAEF2298296FCE3C00BEDCAB /* Resources */ = {
			isa = PBXResourcesBuildPhase;
			buildActionMask = 2147483647;
			files = (
				CAEF22BF296FCE3D00BEDCAB /* Assets.xcassets in Resources */,
				CA7E160B2973DA7B00310924 /* hikeData.json in Resources */,
				CADA3C4229700DC20028A786 /* landmarkData.json in Resources */,
			);
			runOnlyForDeploymentPostprocessing = 0;
		};
		CAEF229E296FCE3C00BEDCAB /* Resources */ = {
			isa = PBXResourcesBuildPhase;
			buildActionMask = 2147483647;
			files = (
				CAEF22C0296FCE3D00BEDCAB /* Assets.xcassets in Resources */,
				CA7E160C2973DA7B00310924 /* hikeData.json in Resources */,
				CADA3C4329700DC30028A786 /* landmarkData.json in Resources */,
			);
			runOnlyForDeploymentPostprocessing = 0;
		};
		CAEF22A5296FCE3C00BEDCAB /* Resources */ = {
			isa = PBXResourcesBuildPhase;
			buildActionMask = 2147483647;
			files = (
			);
			runOnlyForDeploymentPostprocessing = 0;
		};
		CAEF22B1296FCE3D00BEDCAB /* Resources */ = {
			isa = PBXResourcesBuildPhase;
			buildActionMask = 2147483647;
			files = (
			);
			runOnlyForDeploymentPostprocessing = 0;
		};
/* End PBXResourcesBuildPhase section */

/* Begin PBXSourcesBuildPhase section */
		CAEF2296296FCE3C00BEDCAB /* Sources */ = {
			isa = PBXSourcesBuildPhase;
			buildActionMask = 2147483647;
			files = (
				CAEF22BD296FCE3D00BEDCAB /* ContentView.swift in Sources */,
				CA7E16172973DF3C00310924 /* HikeGraph.swift in Sources */,
				CAA8C0392972AA7F00614E68 /* Badge.swift in Sources */,
				CAEF22D3296FDB9700BEDCAB /* MapView.swift in Sources */,
				CA7E16152973DF3C00310924 /* GraphCapsule.swift in Sources */,
				CAEF22BB296FCE3D00BEDCAB /* LandmarksApp.swift in Sources */,
				CAE1DC142971381900BB55AC /* FavoriteButton.swift in Sources */,
				CA7E16192973DF3C00310924 /* HikeDetail.swift in Sources */,
				CAE1DC192971404F00BB55AC /* HexagonParameters.swift in Sources */,
				CA7E160E2973DAB200310924 /* Hike.swift in Sources */,
				CAA8C0362972A9C300614E68 /* RotatedBadgeSymbol.swift in Sources */,
				CAE1DC1F2971888D00BB55AC /* BadgeSymbol.swift in Sources */,
				CADA3C47297012FA0028A786 /* LandmarkList.swift in Sources */,
				CA7E161B2973DF3C00310924 /* HikeView.swift in Sources */,
				CADA3C4A297016E30028A786 /* LandmarkDetail.swift in Sources */,
				CAE1DC1C297171AE00BB55AC /* BadgeBackground.swift in Sources */,
				CAEF22D0296FDA2900BEDCAB /* CircleImage.swift in Sources */,
				CAEF22D8296FF5D100BEDCAB /* Landmark.swift in Sources */,
				CAEF22DE2970042B00BEDCAB /* LandmarkRow.swift in Sources */,
				CAEF22DA296FFACE00BEDCAB /* ModelData.swift in Sources */,
			);
			runOnlyForDeploymentPostprocessing = 0;
		};
		CAEF229C296FCE3C00BEDCAB /* Sources */ = {
			isa = PBXSourcesBuildPhase;
			buildActionMask = 2147483647;
			files = (
				CAEF22BE296FCE3D00BEDCAB /* ContentView.swift in Sources */,
				CA7E16182973DF3C00310924 /* HikeGraph.swift in Sources */,
				CAA8C03A2972AA7F00614E68 /* Badge.swift in Sources */,
				CAEF22D4296FDB9700BEDCAB /* MapView.swift in Sources */,
				CA7E16162973DF3C00310924 /* GraphCapsule.swift in Sources */,
				CAEF22BC296FCE3D00BEDCAB /* LandmarksApp.swift in Sources */,
				CAE1DC152971381900BB55AC /* FavoriteButton.swift in Sources */,
				CA7E161A2973DF3C00310924 /* HikeDetail.swift in Sources */,
				CAE1DC1A2971404F00BB55AC /* HexagonParameters.swift in Sources */,
				CA7E160F2973DAB200310924 /* Hike.swift in Sources */,
				CAA8C0372972A9C300614E68 /* RotatedBadgeSymbol.swift in Sources */,
				CAE1DC202971888D00BB55AC /* BadgeSymbol.swift in Sources */,
				CADA3C48297012FA0028A786 /* LandmarkList.swift in Sources */,
				CA7E161C2973DF3C00310924 /* HikeView.swift in Sources */,
				CADA3C4B297016E30028A786 /* LandmarkDetail.swift in Sources */,
				CAE1DC1D297171AE00BB55AC /* BadgeBackground.swift in Sources */,
				CAEF22DF2970042B00BEDCAB /* LandmarkRow.swift in Sources */,
				CAEF22D1296FDA2900BEDCAB /* CircleImage.swift in Sources */,
				CADA3C4429700DD40028A786 /* Landmark.swift in Sources */,
				CADA3C4529700DD70028A786 /* ModelData.swift in Sources */,
			);
			runOnlyForDeploymentPostprocessing = 0;
		};
		CAEF22A3296FCE3C00BEDCAB /* Sources */ = {
			isa = PBXSourcesBuildPhase;
			buildActionMask = 2147483647;
			files = (
				CAEF22AE296FCE3C00BEDCAB /* Tests_iOSLaunchTests.swift in Sources */,
				CAEF22AC296FCE3C00BEDCAB /* Tests_iOS.swift in Sources */,
			);
			runOnlyForDeploymentPostprocessing = 0;
		};
		CAEF22AF296FCE3D00BEDCAB /* Sources */ = {
			isa = PBXSourcesBuildPhase;
			buildActionMask = 2147483647;
			files = (
				CAEF22BA296FCE3D00BEDCAB /* Tests_macOSLaunchTests.swift in Sources */,
				CAEF22B8296FCE3D00BEDCAB /* Tests_macOS.swift in Sources */,
			);
			runOnlyForDeploymentPostprocessing = 0;
		};
/* End PBXSourcesBuildPhase section */

/* Begin PBXTargetDependency section */
		CAEF22A9296FCE3C00BEDCAB /* PBXTargetDependency */ = {
			isa = PBXTargetDependency;
			target = CAEF2299296FCE3C00BEDCAB /* Landmarks (iOS) */;
			targetProxy = CAEF22A8296FCE3C00BEDCAB /* PBXContainerItemProxy */;
		};
		CAEF22B5296FCE3D00BEDCAB /* PBXTargetDependency */ = {
			isa = PBXTargetDependency;
			target = CAEF229F296FCE3C00BEDCAB /* Landmarks (macOS) */;
			targetProxy = CAEF22B4296FCE3D00BEDCAB /* PBXContainerItemProxy */;
		};
/* End PBXTargetDependency section */

/* Begin XCBuildConfiguration section */
		CAEF22C1296FCE3D00BEDCAB /* Debug */ = {
			isa = XCBuildConfiguration;
			buildSettings = {
				ALWAYS_SEARCH_USER_PATHS = NO;
				CLANG_ANALYZER_NONNULL = YES;
				CLANG_ANALYZER_NUMBER_OBJECT_CONVERSION = YES_AGGRESSIVE;
				CLANG_CXX_LANGUAGE_STANDARD = "gnu++17";
				CLANG_ENABLE_MODULES = YES;
				CLANG_ENABLE_OBJC_ARC = YES;
				CLANG_ENABLE_OBJC_WEAK = YES;
				CLANG_WARN_BLOCK_CAPTURE_AUTORELEASING = YES;
				CLANG_WARN_BOOL_CONVERSION = YES;
				CLANG_WARN_COMMA = YES;
				CLANG_WARN_CONSTANT_CONVERSION = YES;
				CLANG_WARN_DEPRECATED_OBJC_IMPLEMENTATIONS = YES;
				CLANG_WARN_DIRECT_OBJC_ISA_USAGE = YES_ERROR;
				CLANG_WARN_DOCUMENTATION_COMMENTS = YES;
				CLANG_WARN_EMPTY_BODY = YES;
				CLANG_WARN_ENUM_CONVERSION = YES;
				CLANG_WARN_INFINITE_RECURSION = YES;
				CLANG_WARN_INT_CONVERSION = YES;
				CLANG_WARN_NON_LITERAL_NULL_CONVERSION = YES;
				CLANG_WARN_OBJC_IMPLICIT_RETAIN_SELF = YES;
				CLANG_WARN_OBJC_LITERAL_CONVERSION = YES;
				CLANG_WARN_OBJC_ROOT_CLASS = YES_ERROR;
				CLANG_WARN_QUOTED_INCLUDE_IN_FRAMEWORK_HEADER = YES;
				CLANG_WARN_RANGE_LOOP_ANALYSIS = YES;
				CLANG_WARN_STRICT_PROTOTYPES = YES;
				CLANG_WARN_SUSPICIOUS_MOVE = YES;
				CLANG_WARN_UNGUARDED_AVAILABILITY = YES_AGGRESSIVE;
				CLANG_WARN_UNREACHABLE_CODE = YES;
				CLANG_WARN__DUPLICATE_METHOD_MATCH = YES;
				COPY_PHASE_STRIP = NO;
				DEBUG_INFORMATION_FORMAT = dwarf;
				ENABLE_STRICT_OBJC_MSGSEND = YES;
				ENABLE_TESTABILITY = YES;
				GCC_C_LANGUAGE_STANDARD = gnu11;
				GCC_DYNAMIC_NO_PIC = NO;
				GCC_NO_COMMON_BLOCKS = YES;
				GCC_OPTIMIZATION_LEVEL = 0;
				GCC_PREPROCESSOR_DEFINITIONS = (
					"DEBUG=1",
					"$(inherited)",
				);
				GCC_WARN_64_TO_32_BIT_CONVERSION = YES;
				GCC_WARN_ABOUT_RETURN_TYPE = YES_ERROR;
				GCC_WARN_UNDECLARED_SELECTOR = YES;
				GCC_WARN_UNINITIALIZED_AUTOS = YES_AGGRESSIVE;
				GCC_WARN_UNUSED_FUNCTION = YES;
				GCC_WARN_UNUSED_VARIABLE = YES;
				MTL_ENABLE_DEBUG_INFO = INCLUDE_SOURCE;
				MTL_FAST_MATH = YES;
				ONLY_ACTIVE_ARCH = YES;
				SWIFT_ACTIVE_COMPILATION_CONDITIONS = DEBUG;
				SWIFT_OPTIMIZATION_LEVEL = "-Onone";
			};
			name = Debug;
		};
		CAEF22C2296FCE3D00BEDCAB /* Release */ = {
			isa = XCBuildConfiguration;
			buildSettings = {
				ALWAYS_SEARCH_USER_PATHS = NO;
				CLANG_ANALYZER_NONNULL = YES;
				CLANG_ANALYZER_NUMBER_OBJECT_CONVERSION = YES_AGGRESSIVE;
				CLANG_CXX_LANGUAGE_STANDARD = "gnu++17";
				CLANG_ENABLE_MODULES = YES;
				CLANG_ENABLE_OBJC_ARC = YES;
				CLANG_ENABLE_OBJC_WEAK = YES;
				CLANG_WARN_BLOCK_CAPTURE_AUTORELEASING = YES;
				CLANG_WARN_BOOL_CONVERSION = YES;
				CLANG_WARN_COMMA = YES;
				CLANG_WARN_CONSTANT_CONVERSION = YES;
				CLANG_WARN_DEPRECATED_OBJC_IMPLEMENTATIONS = YES;
				CLANG_WARN_DIRECT_OBJC_ISA_USAGE = YES_ERROR;
				CLANG_WARN_DOCUMENTATION_COMMENTS = YES;
				CLANG_WARN_EMPTY_BODY = YES;
				CLANG_WARN_ENUM_CONVERSION = YES;
				CLANG_WARN_INFINITE_RECURSION = YES;
				CLANG_WARN_INT_CONVERSION = YES;
				CLANG_WARN_NON_LITERAL_NULL_CONVERSION = YES;
				CLANG_WARN_OBJC_IMPLICIT_RETAIN_SELF = YES;
				CLANG_WARN_OBJC_LITERAL_CONVERSION = YES;
				CLANG_WARN_OBJC_ROOT_CLASS = YES_ERROR;
				CLANG_WARN_QUOTED_INCLUDE_IN_FRAMEWORK_HEADER = YES;
				CLANG_WARN_RANGE_LOOP_ANALYSIS = YES;
				CLANG_WARN_STRICT_PROTOTYPES = YES;
				CLANG_WARN_SUSPICIOUS_MOVE = YES;
				CLANG_WARN_UNGUARDED_AVAILABILITY = YES_AGGRESSIVE;
				CLANG_WARN_UNREACHABLE_CODE = YES;
				CLANG_WARN__DUPLICATE_METHOD_MATCH = YES;
				COPY_PHASE_STRIP = NO;
				DEBUG_INFORMATION_FORMAT = "dwarf-with-dsym";
				ENABLE_NS_ASSERTIONS = NO;
				ENABLE_STRICT_OBJC_MSGSEND = YES;
				GCC_C_LANGUAGE_STANDARD = gnu11;
				GCC_NO_COMMON_BLOCKS = YES;
				GCC_WARN_64_TO_32_BIT_CONVERSION = YES;
				GCC_WARN_ABOUT_RETURN_TYPE = YES_ERROR;
				GCC_WARN_UNDECLARED_SELECTOR = YES;
				GCC_WARN_UNINITIALIZED_AUTOS = YES_AGGRESSIVE;
				GCC_WARN_UNUSED_FUNCTION = YES;
				GCC_WARN_UNUSED_VARIABLE = YES;
				MTL_ENABLE_DEBUG_INFO = NO;
				MTL_FAST_MATH = YES;
				SWIFT_COMPILATION_MODE = wholemodule;
				SWIFT_OPTIMIZATION_LEVEL = "-O";
			};
			name = Release;
		};
		CAEF22C4296FCE3D00BEDCAB /* Debug */ = {
			isa = XCBuildConfiguration;
			buildSettings = {
				ASSETCATALOG_COMPILER_APPICON_NAME = AppIcon;
				ASSETCATALOG_COMPILER_GLOBAL_ACCENT_COLOR_NAME = AccentColor;
				CODE_SIGN_STYLE = Automatic;
				CURRENT_PROJECT_VERSION = 1;
				DEVELOPMENT_TEAM = RRF3M5MY53;
				ENABLE_PREVIEWS = YES;
				GENERATE_INFOPLIST_FILE = YES;
				INFOPLIST_KEY_UIApplicationSceneManifest_Generation = YES;
				INFOPLIST_KEY_UIApplicationSupportsIndirectInputEvents = YES;
				INFOPLIST_KEY_UILaunchScreen_Generation = YES;
				INFOPLIST_KEY_UISupportedInterfaceOrientations_iPad = "UIInterfaceOrientationPortrait UIInterfaceOrientationPortraitUpsideDown UIInterfaceOrientationLandscapeLeft UIInterfaceOrientationLandscapeRight";
				INFOPLIST_KEY_UISupportedInterfaceOrientations_iPhone = "UIInterfaceOrientationPortrait UIInterfaceOrientationLandscapeLeft UIInterfaceOrientationLandscapeRight";
				IPHONEOS_DEPLOYMENT_TARGET = 15.5;
				LD_RUNPATH_SEARCH_PATHS = (
					"$(inherited)",
					"@executable_path/Frameworks",
				);
				MARKETING_VERSION = 1.0;
				PRODUCT_BUNDLE_IDENTIFIER = tutorial01.Landmarks;
				PRODUCT_NAME = Landmarks;
				SDKROOT = iphoneos;
				SWIFT_EMIT_LOC_STRINGS = YES;
				SWIFT_VERSION = 5.0;
				TARGETED_DEVICE_FAMILY = "1,2";
			};
			name = Debug;
		};
		CAEF22C5296FCE3D00BEDCAB /* Release */ = {
			isa = XCBuildConfiguration;
			buildSettings = {
				ASSETCATALOG_COMPILER_APPICON_NAME = AppIcon;
				ASSETCATALOG_COMPILER_GLOBAL_ACCENT_COLOR_NAME = AccentColor;
				CODE_SIGN_STYLE = Automatic;
				CURRENT_PROJECT_VERSION = 1;
				DEVELOPMENT_TEAM = RRF3M5MY53;
				ENABLE_PREVIEWS = YES;
				GENERATE_INFOPLIST_FILE = YES;
				INFOPLIST_KEY_UIApplicationSceneManifest_Generation = YES;
				INFOPLIST_KEY_UIApplicationSupportsIndirectInputEvents = YES;
				INFOPLIST_KEY_UILaunchScreen_Generation = YES;
				INFOPLIST_KEY_UISupportedInterfaceOrientations_iPad = "UIInterfaceOrientationPortrait UIInterfaceOrientationPortraitUpsideDown UIInterfaceOrientationLandscapeLeft UIInterfaceOrientationLandscapeRight";
				INFOPLIST_KEY_UISupportedInterfaceOrientations_iPhone = "UIInterfaceOrientationPortrait UIInterfaceOrientationLandscapeLeft UIInterfaceOrientationLandscapeRight";
				IPHONEOS_DEPLOYMENT_TARGET = 15.5;
				LD_RUNPATH_SEARCH_PATHS = (
					"$(inherited)",
					"@executable_path/Frameworks",
				);
				MARKETING_VERSION = 1.0;
				PRODUCT_BUNDLE_IDENTIFIER = tutorial01.Landmarks;
				PRODUCT_NAME = Landmarks;
				SDKROOT = iphoneos;
				SWIFT_EMIT_LOC_STRINGS = YES;
				SWIFT_VERSION = 5.0;
				TARGETED_DEVICE_FAMILY = "1,2";
				VALIDATE_PRODUCT = YES;
			};
			name = Release;
		};
		CAEF22C7296FCE3D00BEDCAB /* Debug */ = {
			isa = XCBuildConfiguration;
			buildSettings = {
				ASSETCATALOG_COMPILER_APPICON_NAME = AppIcon;
				ASSETCATALOG_COMPILER_GLOBAL_ACCENT_COLOR_NAME = AccentColor;
				CODE_SIGN_ENTITLEMENTS = macOS/macOS.entitlements;
				CODE_SIGN_STYLE = Automatic;
				COMBINE_HIDPI_IMAGES = YES;
				CURRENT_PROJECT_VERSION = 1;
				DEVELOPMENT_TEAM = RRF3M5MY53;
				ENABLE_HARDENED_RUNTIME = YES;
				ENABLE_PREVIEWS = YES;
				GENERATE_INFOPLIST_FILE = YES;
				INFOPLIST_KEY_NSHumanReadableCopyright = "";
				LD_RUNPATH_SEARCH_PATHS = (
					"$(inherited)",
					"@executable_path/../Frameworks",
				);
				MACOSX_DEPLOYMENT_TARGET = 12.3;
				MARKETING_VERSION = 1.0;
				PRODUCT_BUNDLE_IDENTIFIER = test.Landmarks;
				PRODUCT_NAME = Landmarks;
				SDKROOT = macosx;
				SWIFT_EMIT_LOC_STRINGS = YES;
				SWIFT_VERSION = 5.0;
			};
			name = Debug;
		};
		CAEF22C8296FCE3D00BEDCAB /* Release */ = {
			isa = XCBuildConfiguration;
			buildSettings = {
				ASSETCATALOG_COMPILER_APPICON_NAME = AppIcon;
				ASSETCATALOG_COMPILER_GLOBAL_ACCENT_COLOR_NAME = AccentColor;
				CODE_SIGN_ENTITLEMENTS = macOS/macOS.entitlements;
				CODE_SIGN_STYLE = Automatic;
				COMBINE_HIDPI_IMAGES = YES;
				CURRENT_PROJECT_VERSION = 1;
				DEVELOPMENT_TEAM = RRF3M5MY53;
				ENABLE_HARDENED_RUNTIME = YES;
				ENABLE_PREVIEWS = YES;
				GENERATE_INFOPLIST_FILE = YES;
				INFOPLIST_KEY_NSHumanReadableCopyright = "";
				LD_RUNPATH_SEARCH_PATHS = (
					"$(inherited)",
					"@executable_path/../Frameworks",
				);
				MACOSX_DEPLOYMENT_TARGET = 12.3;
				MARKETING_VERSION = 1.0;
				PRODUCT_BUNDLE_IDENTIFIER = test.Landmarks;
				PRODUCT_NAME = Landmarks;
				SDKROOT = macosx;
				SWIFT_EMIT_LOC_STRINGS = YES;
				SWIFT_VERSION = 5.0;
			};
			name = Release;
		};
		CAEF22CA296FCE3D00BEDCAB /* Debug */ = {
			isa = XCBuildConfiguration;
			buildSettings = {
				ALWAYS_EMBED_SWIFT_STANDARD_LIBRARIES = YES;
				CODE_SIGN_STYLE = Automatic;
				CURRENT_PROJECT_VERSION = 1;
				DEVELOPMENT_TEAM = RRF3M5MY53;
				GENERATE_INFOPLIST_FILE = YES;
				IPHONEOS_DEPLOYMENT_TARGET = 15.5;
				MARKETING_VERSION = 1.0;
				PRODUCT_BUNDLE_IDENTIFIER = "test.Tests-iOS";
				PRODUCT_NAME = "$(TARGET_NAME)";
				SDKROOT = iphoneos;
				SWIFT_EMIT_LOC_STRINGS = NO;
				SWIFT_VERSION = 5.0;
				TARGETED_DEVICE_FAMILY = "1,2";
				TEST_TARGET_NAME = "Landmarks (iOS)";
			};
			name = Debug;
		};
		CAEF22CB296FCE3D00BEDCAB /* Release */ = {
			isa = XCBuildConfiguration;
			buildSettings = {
				ALWAYS_EMBED_SWIFT_STANDARD_LIBRARIES = YES;
				CODE_SIGN_STYLE = Automatic;
				CURRENT_PROJECT_VERSION = 1;
				DEVELOPMENT_TEAM = RRF3M5MY53;
				GENERATE_INFOPLIST_FILE = YES;
				IPHONEOS_DEPLOYMENT_TARGET = 15.5;
				MARKETING_VERSION = 1.0;
				PRODUCT_BUNDLE_IDENTIFIER = "test.Tests-iOS";
				PRODUCT_NAME = "$(TARGET_NAME)";
				SDKROOT = iphoneos;
				SWIFT_EMIT_LOC_STRINGS = NO;
				SWIFT_VERSION = 5.0;
				TARGETED_DEVICE_FAMILY = "1,2";
				TEST_TARGET_NAME = "Landmarks (iOS)";
				VALIDATE_PRODUCT = YES;
			};
			name = Release;
		};
		CAEF22CD296FCE3D00BEDCAB /* Debug */ = {
			isa = XCBuildConfiguration;
			buildSettings = {
				ALWAYS_EMBED_SWIFT_STANDARD_LIBRARIES = YES;
				CODE_SIGN_STYLE = Automatic;
				CURRENT_PROJECT_VERSION = 1;
				DEVELOPMENT_TEAM = RRF3M5MY53;
				GENERATE_INFOPLIST_FILE = YES;
				MACOSX_DEPLOYMENT_TARGET = 12.3;
				MARKETING_VERSION = 1.0;
				PRODUCT_BUNDLE_IDENTIFIER = "test.Tests-macOS";
				PRODUCT_NAME = "$(TARGET_NAME)";
				SDKROOT = macosx;
				SWIFT_EMIT_LOC_STRINGS = NO;
				SWIFT_VERSION = 5.0;
				TEST_TARGET_NAME = "Landmarks (macOS)";
			};
			name = Debug;
		};
		CAEF22CE296FCE3D00BEDCAB /* Release */ = {
			isa = XCBuildConfiguration;
			buildSettings = {
				ALWAYS_EMBED_SWIFT_STANDARD_LIBRARIES = YES;
				CODE_SIGN_STYLE = Automatic;
				CURRENT_PROJECT_VERSION = 1;
				DEVELOPMENT_TEAM = RRF3M5MY53;
				GENERATE_INFOPLIST_FILE = YES;
				MACOSX_DEPLOYMENT_TARGET = 12.3;
				MARKETING_VERSION = 1.0;
				PRODUCT_BUNDLE_IDENTIFIER = "test.Tests-macOS";
				PRODUCT_NAME = "$(TARGET_NAME)";
				SDKROOT = macosx;
				SWIFT_EMIT_LOC_STRINGS = NO;
				SWIFT_VERSION = 5.0;
				TEST_TARGET_NAME = "Landmarks (macOS)";
			};
			name = Release;
		};
/* End XCBuildConfiguration section */

/* Begin XCConfigurationList section */
		CAEF2291296FCE3B00BEDCAB /* Build configuration list for PBXProject "Landmarks" */ = {
			isa = XCConfigurationList;
			buildConfigurations = (
				CAEF22C1296FCE3D00BEDCAB /* Debug */,
				CAEF22C2296FCE3D00BEDCAB /* Release */,
			);
			defaultConfigurationIsVisible = 0;
			defaultConfigurationName = Release;
		};
		CAEF22C3296FCE3D00BEDCAB /* Build configuration list for PBXNativeTarget "Landmarks (iOS)" */ = {
			isa = XCConfigurationList;
			buildConfigurations = (
				CAEF22C4296FCE3D00BEDCAB /* Debug */,
				CAEF22C5296FCE3D00BEDCAB /* Release */,
			);
			defaultConfigurationIsVisible = 0;
			defaultConfigurationName = Release;
		};
		CAEF22C6296FCE3D00BEDCAB /* Build configuration list for PBXNativeTarget "Landmarks (macOS)" */ = {
			isa = XCConfigurationList;
			buildConfigurations = (
				CAEF22C7296FCE3D00BEDCAB /* Debug */,
				CAEF22C8296FCE3D00BEDCAB /* Release */,
			);
			defaultConfigurationIsVisible = 0;
			defaultConfigurationName = Release;
		};
		CAEF22C9296FCE3D00BEDCAB /* Build configuration list for PBXNativeTarget "Tests iOS" */ = {
			isa = XCConfigurationList;
			buildConfigurations = (
				CAEF22CA296FCE3D00BEDCAB /* Debug */,
				CAEF22CB296FCE3D00BEDCAB /* Release */,
			);
			defaultConfigurationIsVisible = 0;
			defaultConfigurationName = Release;
		};
		CAEF22CC296FCE3D00BEDCAB /* Build configuration list for PBXNativeTarget "Tests macOS" */ = {
			isa = XCConfigurationList;
			buildConfigurations = (
				CAEF22CD296FCE3D00BEDCAB /* Debug */,
				CAEF22CE296FCE3D00BEDCAB /* Release */,
			);
			defaultConfigurationIsVisible = 0;
			defaultConfigurationName = Release;
		};
/* End XCConfigurationList section */
	};
	rootObject = CAEF228E296FCE3B00BEDCAB /* Project object */;
}
